
Microsoft Visual Studio Solution File, Format Version 12.00
# Visual Studio Version 17
VisualStudioVersion = 17.2.32422.2
MinimumVisualStudioVersion = 10.0.40219.1
Project("{FAE04EC0-301F-11D3-BF4B-00C04F79EFBC}") = "WPFGeneral", "WPFGeneral.csproj", "{6FF38259-2113-4109-B507-2871D7358D13}"
EndProject
Global
	GlobalSection(SolutionConfigurationPlatforms) = preSolution
		Debug|Any CPU = Debug|Any CPU
		Release|Any CPU = Release|Any CPU
	EndGlobalSection
	GlobalSection(ProjectConfigurationPlatforms) = postSolution
		{6FF38259-2113-4109-B507-2871D7358D13}.Debug|Any CPU.ActiveCfg = Debug|Any CPU
		{6FF38259-2113-4109-B507-2871D7358D13}.Debug|Any CPU.Build.0 = Debug|Any CPU
		{6FF38259-2113-4109-B507-2871D7358D13}.Release|Any CPU.ActiveCfg = Release|Any CPU
		{6FF38259-2113-4109-B507-2871D7358D13}.Release|Any CPU.Build.0 = Release|Any CPU
	EndGlobalSection
	GlobalSection(SolutionProperties) = preSolution
		HideSolutionNode = FALSE
	EndGlobalSection
	GlobalSection(ExtensibilityGlobals) = postSolution
		SolutionGuid = {287EAA09-8F62-471E-BCF5-9A57598A9DCE}
	EndGlobalSection
EndGlobal
